
Microsoft Visual Studio Solution File, Format Version 12.00
# Visual Studio Version 17
VisualStudioVersion = 17.14.36202.13 d17.14
MinimumVisualStudioVersion = 10.0.40219.1
Project("{FAE04EC0-301F-11D3-BF4B-00C04F79EFBC}") = "CorporateTaskManagementSystem_V2", "CorporateTaskManagementSystem_V2\CorporateTaskManagementSystem_V2.csproj", "{1E17F94A-EE85-46BA-961D-3B558DDAB674}"
EndProject
Global
	GlobalSection(SolutionConfigurationPlatforms) = preSolution
		Debug|Any CPU = Debug|Any CPU
		Release|Any CPU = Release|Any CPU
	EndGlobalSection
	GlobalSection(ProjectConfigurationPlatforms) = postSolution
		{1E17F94A-EE85-46BA-961D-3B558DDAB674}.Debug|Any CPU.ActiveCfg = Debug|Any CPU
		{1E17F94A-EE85-46BA-961D-3B558DDAB674}.Debug|Any CPU.Build.0 = Debug|Any CPU
		{1E17F94A-EE85-46BA-961D-3B558DDAB674}.Release|Any CPU.ActiveCfg = Release|Any CPU
		{1E17F94A-EE85-46BA-961D-3B558DDAB674}.Release|Any CPU.Build.0 = Release|Any CPU
	EndGlobalSection
	GlobalSection(SolutionProperties) = preSolution
		HideSolutionNode = FALSE
	EndGlobalSection
	GlobalSection(ExtensibilityGlobals) = postSolution
		SolutionGuid = {1D337E31-611F-466C-81C6-4F830CD1FEFD}
	EndGlobalSection
EndGlobal
